
Microsoft Visual Studio Solution File, Format Version 12.00
# Visual Studio Version 17
VisualStudioVersion = 17.5.33516.290
MinimumVisualStudioVersion = 10.0.40219.1
Project("{FAE04EC0-301F-11D3-BF4B-00C04F79EFBC}") = "PacienteCadastroFinal", "PacienteCadastroFinal.csproj", "{25D15927-4ECD-4018-938C-89E97E5811D6}"
EndProject
Global
	GlobalSection(SolutionConfigurationPlatforms) = preSolution
		Debug|Any CPU = Debug|Any CPU
		Release|Any CPU = Release|Any CPU
	EndGlobalSection
	GlobalSection(ProjectConfigurationPlatforms) = postSolution
		{25D15927-4ECD-4018-938C-89E97E5811D6}.Debug|Any CPU.ActiveCfg = Debug|Any CPU
		{25D15927-4ECD-4018-938C-89E97E5811D6}.Debug|Any CPU.Build.0 = Debug|Any CPU
		{25D15927-4ECD-4018-938C-89E97E5811D6}.Release|Any CPU.ActiveCfg = Release|Any CPU
		{25D15927-4ECD-4018-938C-89E97E5811D6}.Release|Any CPU.Build.0 = Release|Any CPU
	EndGlobalSection
	GlobalSection(SolutionProperties) = preSolution
		HideSolutionNode = FALSE
	EndGlobalSection
	GlobalSection(ExtensibilityGlobals) = postSolution
		SolutionGuid = {A9F314A0-FDF7-4A60-B0FB-3A2DB7A003BB}
	EndGlobalSection
EndGlobal
